// !$*UTF8*$!
{
	archiveVersion = 1;
	classes = {
	};
	objectVersion = 50;
	objects = {

/* Begin PBXBuildFile section */
		B04817D3270D9F660093AFD4 /* AppDelegate.swift in Sources */ = {isa = PBXBuildFile; fileRef = B04817D2270D9F660093AFD4 /* AppDelegate.swift */; };
		B04817D5270D9F660093AFD4 /* SceneDelegate.swift in Sources */ = {isa = PBXBuildFile; fileRef = B04817D4270D9F660093AFD4 /* SceneDelegate.swift */; };
		B04817D7270D9F660093AFD4 /* MainViewController.swift in Sources */ = {isa = PBXBuildFile; fileRef = B04817D6270D9F660093AFD4 /* MainViewController.swift */; };
		B04817DC270D9F690093AFD4 /* Assets.xcassets in Resources */ = {isa = PBXBuildFile; fileRef = B04817DB270D9F690093AFD4 /* Assets.xcassets */; };
		B04817DF270D9F690093AFD4 /* LaunchScreen.storyboard in Resources */ = {isa = PBXBuildFile; fileRef = B04817DD270D9F690093AFD4 /* LaunchScreen.storyboard */; };
		B04817E7270DA5250093AFD4 /* ConstraintExtension.swift in Sources */ = {isa = PBXBuildFile; fileRef = B04817E6270DA5250093AFD4 /* ConstraintExtension.swift */; };
		B04817E9270DB4E30093AFD4 /* Constants.swift in Sources */ = {isa = PBXBuildFile; fileRef = B04817E8270DB4E30093AFD4 /* Constants.swift */; };
		B05B23CA270EE037008424FF /* Notification+Extension.swift in Sources */ = {isa = PBXBuildFile; fileRef = B05B23C9270EE037008424FF /* Notification+Extension.swift */; };
		B05B23CC270EE07F008424FF /* MainModel.swift in Sources */ = {isa = PBXBuildFile; fileRef = B05B23CB270EE07F008424FF /* MainModel.swift */; };
		B05B23CE270EF1D8008424FF /* Weather.swift in Sources */ = {isa = PBXBuildFile; fileRef = B05B23CD270EF1D8008424FF /* Weather.swift */; };
		B0D18F8B2754F8520042FCB1 /* Array+Filtering.swift in Sources */ = {isa = PBXBuildFile; fileRef = B0D18F8A2754F8520042FCB1 /* Array+Filtering.swift */; };
		B0D18F8D2754F8820042FCB1 /* Formatters.swift in Sources */ = {isa = PBXBuildFile; fileRef = B0D18F8C2754F8820042FCB1 /* Formatters.swift */; };
		B0D18F902754F99F0042FCB1 /* Parsing+DecodingStrategy.swift in Sources */ = {isa = PBXBuildFile; fileRef = B0D18F8F2754F99F0042FCB1 /* Parsing+DecodingStrategy.swift */; };
		B0D18F922754F9F40042FCB1 /* Response.swift in Sources */ = {isa = PBXBuildFile; fileRef = B0D18F912754F9F40042FCB1 /* Response.swift */; };
		B0D18F942754FA4B0042FCB1 /* HTTPNetworkRequest.swift in Sources */ = {isa = PBXBuildFile; fileRef = B0D18F932754FA4B0042FCB1 /* HTTPNetworkRequest.swift */; };
		B0D18F972754FABC0042FCB1 /* MapView.swift in Sources */ = {isa = PBXBuildFile; fileRef = B0D18F962754FABC0042FCB1 /* MapView.swift */; };
		B0D18F9B2754FEA40042FCB1 /* WeeklyWeatherViewController.swift in Sources */ = {isa = PBXBuildFile; fileRef = B0D18F9A2754FEA40042FCB1 /* WeeklyWeatherViewController.swift */; };
		B0D18F9D2754FED00042FCB1 /* WeeklyWeatherViewModel.swift in Sources */ = {isa = PBXBuildFile; fileRef = B0D18F9C2754FED00042FCB1 /* WeeklyWeatherViewModel.swift */; };
		B0D18FA12754FF210042FCB1 /* WeeklyWeatherCell.swift in Sources */ = {isa = PBXBuildFile; fileRef = B0D18FA02754FF210042FCB1 /* WeeklyWeatherCell.swift */; };
		B0D18FA32754FF3E0042FCB1 /* WeeklyWeatherCellViewModel.swift in Sources */ = {isa = PBXBuildFile; fileRef = B0D18FA22754FF3E0042FCB1 /* WeeklyWeatherCellViewModel.swift */; };
/* End PBXBuildFile section */

/* Begin PBXFileReference section */
		B04817CF270D9F660093AFD4 /* CombineTest.app */ = {isa = PBXFileReference; explicitFileType = wrapper.application; includeInIndex = 0; path = CombineTest.app; sourceTree = BUILT_PRODUCTS_DIR; };
		B04817D2270D9F660093AFD4 /* AppDelegate.swift */ = {isa = PBXFileReference; lastKnownFileType = sourcecode.swift; path = AppDelegate.swift; sourceTree = "<group>"; };
		B04817D4270D9F660093AFD4 /* SceneDelegate.swift */ = {isa = PBXFileReference; lastKnownFileType = sourcecode.swift; path = SceneDelegate.swift; sourceTree = "<group>"; };
		B04817D6270D9F660093AFD4 /* MainViewController.swift */ = {isa = PBXFileReference; lastKnownFileType = sourcecode.swift; path = MainViewController.swift; sourceTree = "<group>"; };
		B04817DB270D9F690093AFD4 /* Assets.xcassets */ = {isa = PBXFileReference; lastKnownFileType = folder.assetcatalog; path = Assets.xcassets; sourceTree = "<group>"; };
		B04817DE270D9F690093AFD4 /* Base */ = {isa = PBXFileReference; lastKnownFileType = file.storyboard; name = Base; path = Base.lproj/LaunchScreen.storyboard; sourceTree = "<group>"; };
		B04817E0270D9F690093AFD4 /* Info.plist */ = {isa = PBXFileReference; lastKnownFileType = text.plist.xml; path = Info.plist; sourceTree = "<group>"; };
		B04817E6270DA5250093AFD4 /* ConstraintExtension.swift */ = {isa = PBXFileReference; lastKnownFileType = sourcecode.swift; path = ConstraintExtension.swift; sourceTree = "<group>"; };
		B04817E8270DB4E30093AFD4 /* Constants.swift */ = {isa = PBXFileReference; lastKnownFileType = sourcecode.swift; path = Constants.swift; sourceTree = "<group>"; };
		B05B23C9270EE037008424FF /* Notification+Extension.swift */ = {isa = PBXFileReference; lastKnownFileType = sourcecode.swift; path = "Notification+Extension.swift"; sourceTree = "<group>"; };
		B05B23CB270EE07F008424FF /* MainModel.swift */ = {isa = PBXFileReference; lastKnownFileType = sourcecode.swift; path = MainModel.swift; sourceTree = "<group>"; };
		B05B23CD270EF1D8008424FF /* Weather.swift */ = {isa = PBXFileReference; lastKnownFileType = sourcecode.swift; path = Weather.swift; sourceTree = "<group>"; };
		B0D18F8A2754F8520042FCB1 /* Array+Filtering.swift */ = {isa = PBXFileReference; lastKnownFileType = sourcecode.swift; path = "Array+Filtering.swift"; sourceTree = "<group>"; };
		B0D18F8C2754F8820042FCB1 /* Formatters.swift */ = {isa = PBXFileReference; lastKnownFileType = sourcecode.swift; path = Formatters.swift; sourceTree = "<group>"; };
		B0D18F8F2754F99F0042FCB1 /* Parsing+DecodingStrategy.swift */ = {isa = PBXFileReference; lastKnownFileType = sourcecode.swift; path = "Parsing+DecodingStrategy.swift"; sourceTree = "<group>"; };
		B0D18F912754F9F40042FCB1 /* Response.swift */ = {isa = PBXFileReference; lastKnownFileType = sourcecode.swift; path = Response.swift; sourceTree = "<group>"; };
		B0D18F932754FA4B0042FCB1 /* HTTPNetworkRequest.swift */ = {isa = PBXFileReference; lastKnownFileType = sourcecode.swift; path = HTTPNetworkRequest.swift; sourceTree = "<group>"; };
		B0D18F962754FABC0042FCB1 /* MapView.swift */ = {isa = PBXFileReference; lastKnownFileType = sourcecode.swift; path = MapView.swift; sourceTree = "<group>"; };
		B0D18F9A2754FEA40042FCB1 /* WeeklyWeatherViewController.swift */ = {isa = PBXFileReference; lastKnownFileType = sourcecode.swift; path = WeeklyWeatherViewController.swift; sourceTree = "<group>"; };
		B0D18F9C2754FED00042FCB1 /* WeeklyWeatherViewModel.swift */ = {isa = PBXFileReference; lastKnownFileType = sourcecode.swift; path = WeeklyWeatherViewModel.swift; sourceTree = "<group>"; };
		B0D18FA02754FF210042FCB1 /* WeeklyWeatherCell.swift */ = {isa = PBXFileReference; lastKnownFileType = sourcecode.swift; path = WeeklyWeatherCell.swift; sourceTree = "<group>"; };
		B0D18FA22754FF3E0042FCB1 /* WeeklyWeatherCellViewModel.swift */ = {isa = PBXFileReference; lastKnownFileType = sourcecode.swift; path = WeeklyWeatherCellViewModel.swift; sourceTree = "<group>"; };
		B0D18FA52754FF6A0042FCB1 /* CurrentWeatherCell.swift */ = {isa = PBXFileReference; lastKnownFileType = sourcecode.swift; path = CurrentWeatherCell.swift; sourceTree = "<group>"; };
		B0D18FA62754FF6A0042FCB1 /* CurrentWeatherCellViewModel.swift */ = {isa = PBXFileReference; lastKnownFileType = sourcecode.swift; path = CurrentWeatherCellViewModel.swift; sourceTree = "<group>"; };
		B0D18FA82754FF6A0042FCB1 /* CurrentWeatherViewModel.swift */ = {isa = PBXFileReference; lastKnownFileType = sourcecode.swift; path = CurrentWeatherViewModel.swift; sourceTree = "<group>"; };
		B0D18FA92754FF6A0042FCB1 /* CurrentWeatherViewController.swift */ = {isa = PBXFileReference; lastKnownFileType = sourcecode.swift; path = CurrentWeatherViewController.swift; sourceTree = "<group>"; };
/* End PBXFileReference section */

/* Begin PBXFrameworksBuildPhase section */
		B04817CC270D9F660093AFD4 /* Frameworks */ = {
			isa = PBXFrameworksBuildPhase;
			buildActionMask = 2147483647;
			files = (
			);
			runOnlyForDeploymentPostprocessing = 0;
		};
/* End PBXFrameworksBuildPhase section */

/* Begin PBXGroup section */
		B04817C6270D9F660093AFD4 = {
			isa = PBXGroup;
			children = (
				B04817D1270D9F660093AFD4 /* CombineTest */,
				B04817D0270D9F660093AFD4 /* Products */,
			);
			sourceTree = "<group>";
		};
		B04817D0270D9F660093AFD4 /* Products */ = {
			isa = PBXGroup;
			children = (
				B04817CF270D9F660093AFD4 /* CombineTest.app */,
			);
			name = Products;
			sourceTree = "<group>";
		};
		B04817D1270D9F660093AFD4 /* CombineTest */ = {
			isa = PBXGroup;
			children = (
				B0D18F8E2754F8E90042FCB1 /* Networking */,
				B04817EC270DD2210093AFD4 /* ViewControllers */,
				B0D18F952754FAA90042FCB1 /* Views */,
				B04817EB270DD1E20093AFD4 /* Extensions */,
				B05B23D0270EF793008424FF /* WeatherService */,
				B04817EA270DD1C90093AFD4 /* Delegates */,
				B04817DB270D9F690093AFD4 /* Assets.xcassets */,
				B04817ED270DD2440093AFD4 /* Other */,
			);
			path = CombineTest;
			sourceTree = "<group>";
		};
		B04817EA270DD1C90093AFD4 /* Delegates */ = {
			isa = PBXGroup;
			children = (
				B04817D2270D9F660093AFD4 /* AppDelegate.swift */,
				B04817D4270D9F660093AFD4 /* SceneDelegate.swift */,
			);
			path = Delegates;
			sourceTree = "<group>";
		};
		B04817EB270DD1E20093AFD4 /* Extensions */ = {
			isa = PBXGroup;
			children = (
				B04817E8270DB4E30093AFD4 /* Constants.swift */,
				B04817E6270DA5250093AFD4 /* ConstraintExtension.swift */,
				B05B23C9270EE037008424FF /* Notification+Extension.swift */,
				B0D18F8A2754F8520042FCB1 /* Array+Filtering.swift */,
				B0D18F8F2754F99F0042FCB1 /* Parsing+DecodingStrategy.swift */,
				B0D18F8C2754F8820042FCB1 /* Formatters.swift */,
			);
			path = Extensions;
			sourceTree = "<group>";
		};
		B04817EC270DD2210093AFD4 /* ViewControllers */ = {
			isa = PBXGroup;
			children = (
				B0D18F982754FE490042FCB1 /* WeeklyWeatherScene */,
				B0D18F992754FE7F0042FCB1 /* CurrentWeatgerScene */,
				B0D18F892754F81B0042FCB1 /* Test */,
			);
			path = ViewControllers;
			sourceTree = "<group>";
		};
		B04817ED270DD2440093AFD4 /* Other */ = {
			isa = PBXGroup;
			children = (
				B04817E0270D9F690093AFD4 /* Info.plist */,
				B04817DD270D9F690093AFD4 /* LaunchScreen.storyboard */,
			);
			path = Other;
			sourceTree = "<group>";
		};
		B05B23D0270EF793008424FF /* WeatherService */ = {
			isa = PBXGroup;
			children = (
				B05B23CD270EF1D8008424FF /* Weather.swift */,
			);
			path = WeatherService;
			sourceTree = "<group>";
		};
		B0D18F892754F81B0042FCB1 /* Test */ = {
			isa = PBXGroup;
			children = (
				B04817D6270D9F660093AFD4 /* MainViewController.swift */,
				B05B23CB270EE07F008424FF /* MainModel.swift */,
			);
			path = Test;
			sourceTree = "<group>";
		};
		B0D18F8E2754F8E90042FCB1 /* Networking */ = {
			isa = PBXGroup;
			children = (
				B0D18F912754F9F40042FCB1 /* Response.swift */,
				B0D18F932754FA4B0042FCB1 /* HTTPNetworkRequest.swift */,
			);
			path = Networking;
			sourceTree = "<group>";
		};
		B0D18F952754FAA90042FCB1 /* Views */ = {
			isa = PBXGroup;
			children = (
				B0D18F962754FABC0042FCB1 /* MapView.swift */,
			);
			path = Views;
			sourceTree = "<group>";
		};
		B0D18F982754FE490042FCB1 /* WeeklyWeatherScene */ = {
			isa = PBXGroup;
			children = (
				B0D18F9F2754FEE50042FCB1 /* Cell */,
				B0D18F9E2754FED70042FCB1 /* ViewController */,
			);
			path = WeeklyWeatherScene;
			sourceTree = "<group>";
		};
		B0D18F992754FE7F0042FCB1 /* CurrentWeatgerScene */ = {
			isa = PBXGroup;
			children = (
				B0D18FA42754FF6A0042FCB1 /* Cell */,
				B0D18FA72754FF6A0042FCB1 /* ViewController */,
			);
			path = CurrentWeatgerScene;
			sourceTree = "<group>";
		};
		B0D18F9E2754FED70042FCB1 /* ViewController */ = {
			isa = PBXGroup;
			children = (
				B0D18F9A2754FEA40042FCB1 /* WeeklyWeatherViewController.swift */,
				B0D18F9C2754FED00042FCB1 /* WeeklyWeatherViewModel.swift */,
			);
			path = ViewController;
			sourceTree = "<group>";
		};
		B0D18F9F2754FEE50042FCB1 /* Cell */ = {
			isa = PBXGroup;
			children = (
				B0D18FA02754FF210042FCB1 /* WeeklyWeatherCell.swift */,
				B0D18FA22754FF3E0042FCB1 /* WeeklyWeatherCellViewModel.swift */,
			);
			path = Cell;
			sourceTree = "<group>";
		};
		B0D18FA42754FF6A0042FCB1 /* Cell */ = {
			isa = PBXGroup;
			children = (
				B0D18FA52754FF6A0042FCB1 /* CurrentWeatherCell.swift */,
				B0D18FA62754FF6A0042FCB1 /* CurrentWeatherCellViewModel.swift */,
			);
			path = Cell;
			sourceTree = "<group>";
		};
		B0D18FA72754FF6A0042FCB1 /* ViewController */ = {
			isa = PBXGroup;
			children = (
				B0D18FA92754FF6A0042FCB1 /* CurrentWeatherViewController.swift */,
				B0D18FA82754FF6A0042FCB1 /* CurrentWeatherViewModel.swift */,
			);
			path = ViewController;
			sourceTree = "<group>";
		};
/* End PBXGroup section */

/* Begin PBXNativeTarget section */
		B04817CE270D9F660093AFD4 /* CombineTest */ = {
			isa = PBXNativeTarget;
			buildConfigurationList = B04817E3270D9F690093AFD4 /* Build configuration list for PBXNativeTarget "CombineTest" */;
			buildPhases = (
				B04817CB270D9F660093AFD4 /* Sources */,
				B04817CC270D9F660093AFD4 /* Frameworks */,
				B04817CD270D9F660093AFD4 /* Resources */,
			);
			buildRules = (
			);
			dependencies = (
			);
			name = CombineTest;
			productName = CombineTest;
			productReference = B04817CF270D9F660093AFD4 /* CombineTest.app */;
			productType = "com.apple.product-type.application";
		};
/* End PBXNativeTarget section */

/* Begin PBXProject section */
		B04817C7270D9F660093AFD4 /* Project object */ = {
			isa = PBXProject;
			attributes = {
				LastSwiftUpdateCheck = 1250;
				LastUpgradeCheck = 1250;
				TargetAttributes = {
					B04817CE270D9F660093AFD4 = {
						CreatedOnToolsVersion = 12.5.1;
					};
				};
			};
			buildConfigurationList = B04817CA270D9F660093AFD4 /* Build configuration list for PBXProject "CombineTest" */;
			compatibilityVersion = "Xcode 9.3";
			developmentRegion = en;
			hasScannedForEncodings = 0;
			knownRegions = (
				en,
				Base,
			);
			mainGroup = B04817C6270D9F660093AFD4;
			productRefGroup = B04817D0270D9F660093AFD4 /* Products */;
			projectDirPath = "";
			projectRoot = "";
			targets = (
				B04817CE270D9F660093AFD4 /* CombineTest */,
			);
		};
/* End PBXProject section */

/* Begin PBXResourcesBuildPhase section */
		B04817CD270D9F660093AFD4 /* Resources */ = {
			isa = PBXResourcesBuildPhase;
			buildActionMask = 2147483647;
			files = (
				B04817DF270D9F690093AFD4 /* LaunchScreen.storyboard in Resources */,
				B04817DC270D9F690093AFD4 /* Assets.xcassets in Resources */,
			);
			runOnlyForDeploymentPostprocessing = 0;
		};
/* End PBXResourcesBuildPhase section */

/* Begin PBXSourcesBuildPhase section */
		B04817CB270D9F660093AFD4 /* Sources */ = {
			isa = PBXSourcesBuildPhase;
			buildActionMask = 2147483647;
			files = (
				B0D18F9B2754FEA40042FCB1 /* WeeklyWeatherViewController.swift in Sources */,
				B05B23CE270EF1D8008424FF /* Weather.swift in Sources */,
				B04817E9270DB4E30093AFD4 /* Constants.swift in Sources */,
				B04817D7270D9F660093AFD4 /* MainViewController.swift in Sources */,
				B0D18F9D2754FED00042FCB1 /* WeeklyWeatherViewModel.swift in Sources */,
				B05B23CA270EE037008424FF /* Notification+Extension.swift in Sources */,
				B0D18F922754F9F40042FCB1 /* Response.swift in Sources */,
				B05B23CC270EE07F008424FF /* MainModel.swift in Sources */,
				B0D18FA32754FF3E0042FCB1 /* WeeklyWeatherCellViewModel.swift in Sources */,
				B04817D3270D9F660093AFD4 /* AppDelegate.swift in Sources */,
				B0D18F972754FABC0042FCB1 /* MapView.swift in Sources */,
				B0D18F8B2754F8520042FCB1 /* Array+Filtering.swift in Sources */,
				B0D18FA12754FF210042FCB1 /* WeeklyWeatherCell.swift in Sources */,
				B04817E7270DA5250093AFD4 /* ConstraintExtension.swift in Sources */,
				B0D18F942754FA4B0042FCB1 /* HTTPNetworkRequest.swift in Sources */,
				B0D18F8D2754F8820042FCB1 /* Formatters.swift in Sources */,
				B04817D5270D9F660093AFD4 /* SceneDelegate.swift in Sources */,
				B0D18F902754F99F0042FCB1 /* Parsing+DecodingStrategy.swift in Sources */,
			);
			runOnlyForDeploymentPostprocessing = 0;
		};
/* End PBXSourcesBuildPhase section */

/* Begin PBXVariantGroup section */
		B04817DD270D9F690093AFD4 /* LaunchScreen.storyboard */ = {
			isa = PBXVariantGroup;
			children = (
				B04817DE270D9F690093AFD4 /* Base */,
			);
			name = LaunchScreen.storyboard;
			sourceTree = "<group>";
		};
/* End PBXVariantGroup section */

/* Begin XCBuildConfiguration section */
		B04817E1270D9F690093AFD4 /* Debug */ = {
			isa = XCBuildConfiguration;
			buildSettings = {
				ALWAYS_SEARCH_USER_PATHS = NO;
				CLANG_ANALYZER_NONNULL = YES;
				CLANG_ANALYZER_NUMBER_OBJECT_CONVERSION = YES_AGGRESSIVE;
				CLANG_CXX_LANGUAGE_STANDARD = "gnu++14";
				CLANG_CXX_LIBRARY = "libc++";
				CLANG_ENABLE_MODULES = YES;
				CLANG_ENABLE_OBJC_ARC = YES;
				CLANG_ENABLE_OBJC_WEAK = YES;
				CLANG_WARN_BLOCK_CAPTURE_AUTORELEASING = YES;
				CLANG_WARN_BOOL_CONVERSION = YES;
				CLANG_WARN_COMMA = YES;
				CLANG_WARN_CONSTANT_CONVERSION = YES;
				CLANG_WARN_DEPRECATED_OBJC_IMPLEMENTATIONS = YES;
				CLANG_WARN_DIRECT_OBJC_ISA_USAGE = YES_ERROR;
				CLANG_WARN_DOCUMENTATION_COMMENTS = YES;
				CLANG_WARN_EMPTY_BODY = YES;
				CLANG_WARN_ENUM_CONVERSION = YES;
				CLANG_WARN_INFINITE_RECURSION = YES;
				CLANG_WARN_INT_CONVERSION = YES;
				CLANG_WARN_NON_LITERAL_NULL_CONVERSION = YES;
				CLANG_WARN_OBJC_IMPLICIT_RETAIN_SELF = YES;
				CLANG_WARN_OBJC_LITERAL_CONVERSION = YES;
				CLANG_WARN_OBJC_ROOT_CLASS = YES_ERROR;
				CLANG_WARN_QUOTED_INCLUDE_IN_FRAMEWORK_HEADER = YES;
				CLANG_WARN_RANGE_LOOP_ANALYSIS = YES;
				CLANG_WARN_STRICT_PROTOTYPES = YES;
				CLANG_WARN_SUSPICIOUS_MOVE = YES;
				CLANG_WARN_UNGUARDED_AVAILABILITY = YES_AGGRESSIVE;
				CLANG_WARN_UNREACHABLE_CODE = YES;
				CLANG_WARN__DUPLICATE_METHOD_MATCH = YES;
				COPY_PHASE_STRIP = NO;
				DEBUG_INFORMATION_FORMAT = dwarf;
				ENABLE_STRICT_OBJC_MSGSEND = YES;
				ENABLE_TESTABILITY = YES;
				GCC_C_LANGUAGE_STANDARD = gnu11;
				GCC_DYNAMIC_NO_PIC = NO;
				GCC_NO_COMMON_BLOCKS = YES;
				GCC_OPTIMIZATION_LEVEL = 0;
				GCC_PREPROCESSOR_DEFINITIONS = (
					"DEBUG=1",
					"$(inherited)",
				);
				GCC_WARN_64_TO_32_BIT_CONVERSION = YES;
				GCC_WARN_ABOUT_RETURN_TYPE = YES_ERROR;
				GCC_WARN_UNDECLARED_SELECTOR = YES;
				GCC_WARN_UNINITIALIZED_AUTOS = YES_AGGRESSIVE;
				GCC_WARN_UNUSED_FUNCTION = YES;
				GCC_WARN_UNUSED_VARIABLE = YES;
				IPHONEOS_DEPLOYMENT_TARGET = 14.5;
				MTL_ENABLE_DEBUG_INFO = INCLUDE_SOURCE;
				MTL_FAST_MATH = YES;
				ONLY_ACTIVE_ARCH = YES;
				SDKROOT = iphoneos;
				SWIFT_ACTIVE_COMPILATION_CONDITIONS = DEBUG;
				SWIFT_OPTIMIZATION_LEVEL = "-Onone";
			};
			name = Debug;
		};
		B04817E2270D9F690093AFD4 /* Release */ = {
			isa = XCBuildConfiguration;
			buildSettings = {
				ALWAYS_SEARCH_USER_PATHS = NO;
				CLANG_ANALYZER_NONNULL = YES;
				CLANG_ANALYZER_NUMBER_OBJECT_CONVERSION = YES_AGGRESSIVE;
				CLANG_CXX_LANGUAGE_STANDARD = "gnu++14";
				CLANG_CXX_LIBRARY = "libc++";
				CLANG_ENABLE_MODULES = YES;
				CLANG_ENABLE_OBJC_ARC = YES;
				CLANG_ENABLE_OBJC_WEAK = YES;
				CLANG_WARN_BLOCK_CAPTURE_AUTORELEASING = YES;
				CLANG_WARN_BOOL_CONVERSION = YES;
				CLANG_WARN_COMMA = YES;
				CLANG_WARN_CONSTANT_CONVERSION = YES;
				CLANG_WARN_DEPRECATED_OBJC_IMPLEMENTATIONS = YES;
				CLANG_WARN_DIRECT_OBJC_ISA_USAGE = YES_ERROR;
				CLANG_WARN_DOCUMENTATION_COMMENTS = YES;
				CLANG_WARN_EMPTY_BODY = YES;
				CLANG_WARN_ENUM_CONVERSION = YES;
				CLANG_WARN_INFINITE_RECURSION = YES;
				CLANG_WARN_INT_CONVERSION = YES;
				CLANG_WARN_NON_LITERAL_NULL_CONVERSION = YES;
				CLANG_WARN_OBJC_IMPLICIT_RETAIN_SELF = YES;
				CLANG_WARN_OBJC_LITERAL_CONVERSION = YES;
				CLANG_WARN_OBJC_ROOT_CLASS = YES_ERROR;
				CLANG_WARN_QUOTED_INCLUDE_IN_FRAMEWORK_HEADER = YES;
				CLANG_WARN_RANGE_LOOP_ANALYSIS = YES;
				CLANG_WARN_STRICT_PROTOTYPES = YES;
				CLANG_WARN_SUSPICIOUS_MOVE = YES;
				CLANG_WARN_UNGUARDED_AVAILABILITY = YES_AGGRESSIVE;
				CLANG_WARN_UNREACHABLE_CODE = YES;
				CLANG_WARN__DUPLICATE_METHOD_MATCH = YES;
				COPY_PHASE_STRIP = NO;
				DEBUG_INFORMATION_FORMAT = "dwarf-with-dsym";
				ENABLE_NS_ASSERTIONS = NO;
				ENABLE_STRICT_OBJC_MSGSEND = YES;
				GCC_C_LANGUAGE_STANDARD = gnu11;
				GCC_NO_COMMON_BLOCKS = YES;
				GCC_WARN_64_TO_32_BIT_CONVERSION = YES;
				GCC_WARN_ABOUT_RETURN_TYPE = YES_ERROR;
				GCC_WARN_UNDECLARED_SELECTOR = YES;
				GCC_WARN_UNINITIALIZED_AUTOS = YES_AGGRESSIVE;
				GCC_WARN_UNUSED_FUNCTION = YES;
				GCC_WARN_UNUSED_VARIABLE = YES;
				IPHONEOS_DEPLOYMENT_TARGET = 14.5;
				MTL_ENABLE_DEBUG_INFO = NO;
				MTL_FAST_MATH = YES;
				SDKROOT = iphoneos;
				SWIFT_COMPILATION_MODE = wholemodule;
				SWIFT_OPTIMIZATION_LEVEL = "-O";
				VALIDATE_PRODUCT = YES;
			};
			name = Release;
		};
		B04817E4270D9F690093AFD4 /* Debug */ = {
			isa = XCBuildConfiguration;
			buildSettings = {
				ASSETCATALOG_COMPILER_APPICON_NAME = AppIcon;
				ASSETCATALOG_COMPILER_GLOBAL_ACCENT_COLOR_NAME = AccentColor;
				CODE_SIGN_STYLE = Automatic;
				DEVELOPMENT_TEAM = CUV8S5W7Y3;
				INFOPLIST_FILE = CombineTest/Other/Info.plist;
				LD_RUNPATH_SEARCH_PATHS = (
					"$(inherited)",
					"@executable_path/Frameworks",
				);
				PRODUCT_BUNDLE_IDENTIFIER = "island-1-2-3-4-5.CombineTest";
				PRODUCT_NAME = "$(TARGET_NAME)";
				SWIFT_VERSION = 5.0;
				TARGETED_DEVICE_FAMILY = "1,2";
			};
			name = Debug;
		};
		B04817E5270D9F690093AFD4 /* Release */ = {
			isa = XCBuildConfiguration;
			buildSettings = {
				ASSETCATALOG_COMPILER_APPICON_NAME = AppIcon;
				ASSETCATALOG_COMPILER_GLOBAL_ACCENT_COLOR_NAME = AccentColor;
				CODE_SIGN_STYLE = Automatic;
				DEVELOPMENT_TEAM = CUV8S5W7Y3;
				INFOPLIST_FILE = CombineTest/Other/Info.plist;
				LD_RUNPATH_SEARCH_PATHS = (
					"$(inherited)",
					"@executable_path/Frameworks",
				);
				PRODUCT_BUNDLE_IDENTIFIER = "island-1-2-3-4-5.CombineTest";
				PRODUCT_NAME = "$(TARGET_NAME)";
				SWIFT_VERSION = 5.0;
				TARGETED_DEVICE_FAMILY = "1,2";
			};
			name = Release;
		};
/* End XCBuildConfiguration section */

/* Begin XCConfigurationList section */
		B04817CA270D9F660093AFD4 /* Build configuration list for PBXProject "CombineTest" */ = {
			isa = XCConfigurationList;
			buildConfigurations = (
				B04817E1270D9F690093AFD4 /* Debug */,
				B04817E2270D9F690093AFD4 /* Release */,
			);
			defaultConfigurationIsVisible = 0;
			defaultConfigurationName = Release;
		};
		B04817E3270D9F690093AFD4 /* Build configuration list for PBXNativeTarget "CombineTest" */ = {
			isa = XCConfigurationList;
			buildConfigurations = (
				B04817E4270D9F690093AFD4 /* Debug */,
				B04817E5270D9F690093AFD4 /* Release */,
			);
			defaultConfigurationIsVisible = 0;
			defaultConfigurationName = Release;
		};
/* End XCConfigurationList section */
	};
	rootObject = B04817C7270D9F660093AFD4 /* Project object */;
}
